
Microsoft Visual Studio Solution File, Format Version 12.00
# Visual Studio 15
VisualStudioVersion = 15.0.28307.1433
MinimumVisualStudioVersion = 10.0.40219.1
Project("{FAE04EC0-301F-11D3-BF4B-00C04F79EFBC}") = "Assign", "Assign\Assign.csproj", "{262B6845-C80A-4C97-8BF5-84F67B5D6460}"
EndProject
Global
	GlobalSection(SolutionConfigurationPlatforms) = preSolution
		Debug|Any CPU = Debug|Any CPU
		Release|Any CPU = Release|Any CPU
	EndGlobalSection
	GlobalSection(ProjectConfigurationPlatforms) = postSolution
		{262B6845-C80A-4C97-8BF5-84F67B5D6460}.Debug|Any CPU.ActiveCfg = Debug|Any CPU
		{262B6845-C80A-4C97-8BF5-84F67B5D6460}.Debug|Any CPU.Build.0 = Debug|Any CPU
		{262B6845-C80A-4C97-8BF5-84F67B5D6460}.Release|Any CPU.ActiveCfg = Release|Any CPU
		{262B6845-C80A-4C97-8BF5-84F67B5D6460}.Release|Any CPU.Build.0 = Release|Any CPU
	EndGlobalSection
	GlobalSection(SolutionProperties) = preSolution
		HideSolutionNode = FALSE
	EndGlobalSection
	GlobalSection(ExtensibilityGlobals) = postSolution
		SolutionGuid = {1FA21CE7-8BE7-4668-BFFE-4AD4CC8B076A}
	EndGlobalSection
EndGlobal
